
Microsoft Visual Studio Solution File, Format Version 12.00
# Visual Studio Version 17
VisualStudioVersion = 17.8.34601.278
MinimumVisualStudioVersion = 10.0.40219.1
Project("{FAE04EC0-301F-11D3-BF4B-00C04F79EFBC}") = "FinalProject", "FinalProject\FinalProject.csproj", "{F8D30AEC-6913-4B57-8982-3BB5F27E7628}"
EndProject
Global
	GlobalSection(SolutionConfigurationPlatforms) = preSolution
		Debug|Any CPU = Debug|Any CPU
		Release|Any CPU = Release|Any CPU
	EndGlobalSection
	GlobalSection(ProjectConfigurationPlatforms) = postSolution
		{F8D30AEC-6913-4B57-8982-3BB5F27E7628}.Debug|Any CPU.ActiveCfg = Debug|Any CPU
		{F8D30AEC-6913-4B57-8982-3BB5F27E7628}.Debug|Any CPU.Build.0 = Debug|Any CPU
		{F8D30AEC-6913-4B57-8982-3BB5F27E7628}.Release|Any CPU.ActiveCfg = Release|Any CPU
		{F8D30AEC-6913-4B57-8982-3BB5F27E7628}.Release|Any CPU.Build.0 = Release|Any CPU
	EndGlobalSection
	GlobalSection(SolutionProperties) = preSolution
		HideSolutionNode = FALSE
	EndGlobalSection
	GlobalSection(ExtensibilityGlobals) = postSolution
		SolutionGuid = {DFBFC489-8D0B-4AFE-B206-0327C18A21C6}
	EndGlobalSection
EndGlobal
